// !$*UTF8*$!
{
	archiveVersion = 1;
	classes = {
	};
	objectVersion = 46;
	objects = {

/* Begin PBXBuildFile section */
		232BD04C8E85DF37C082D47A /* Pods_NetflixSearch.framework in Frameworks */ = {isa = PBXBuildFile; fileRef = 2467F15943BAB38AE4963779 /* Pods_NetflixSearch.framework */; };
		29C8DC561F0D6079001F40DA /* AppDelegate.swift in Sources */ = {isa = PBXBuildFile; fileRef = 29C8DC551F0D6079001F40DA /* AppDelegate.swift */; };
		29C8DC581F0D6079001F40DA /* ViewController.swift in Sources */ = {isa = PBXBuildFile; fileRef = 29C8DC571F0D6079001F40DA /* ViewController.swift */; };
		29C8DC5B1F0D6079001F40DA /* Main.storyboard in Resources */ = {isa = PBXBuildFile; fileRef = 29C8DC591F0D6079001F40DA /* Main.storyboard */; };
		29C8DC5D1F0D6079001F40DA /* Assets.xcassets in Resources */ = {isa = PBXBuildFile; fileRef = 29C8DC5C1F0D6079001F40DA /* Assets.xcassets */; };
		29C8DC601F0D6079001F40DA /* LaunchScreen.storyboard in Resources */ = {isa = PBXBuildFile; fileRef = 29C8DC5E1F0D6079001F40DA /* LaunchScreen.storyboard */; };
		29C8DC6B1F0D607A001F40DA /* NetflixSearchTests.swift in Sources */ = {isa = PBXBuildFile; fileRef = 29C8DC6A1F0D607A001F40DA /* NetflixSearchTests.swift */; };
		29C8DC761F0D607A001F40DA /* NetflixSearchUITests.swift in Sources */ = {isa = PBXBuildFile; fileRef = 29C8DC751F0D607A001F40DA /* NetflixSearchUITests.swift */; };
		ABC3165BEA116D5D4C6D535F /* Pods_NetflixSearchUITests.framework in Frameworks */ = {isa = PBXBuildFile; fileRef = EB7471743A40366B5A83E7B5 /* Pods_NetflixSearchUITests.framework */; };
		DA7B2070E87BF951A491C4E5 /* Pods_NetflixSearchTests.framework in Frameworks */ = {isa = PBXBuildFile; fileRef = 8036037F9E9F88B8407508A0 /* Pods_NetflixSearchTests.framework */; };
/* End PBXBuildFile section */

/* Begin PBXContainerItemProxy section */
		29C8DC671F0D607A001F40DA /* PBXContainerItemProxy */ = {
			isa = PBXContainerItemProxy;
			containerPortal = 29C8DC4A1F0D6079001F40DA /* Project object */;
			proxyType = 1;
			remoteGlobalIDString = 29C8DC511F0D6079001F40DA;
			remoteInfo = NetflixSearch;
		};
		29C8DC721F0D607A001F40DA /* PBXContainerItemProxy */ = {
			isa = PBXContainerItemProxy;
			containerPortal = 29C8DC4A1F0D6079001F40DA /* Project object */;
			proxyType = 1;
			remoteGlobalIDString = 29C8DC511F0D6079001F40DA;
			remoteInfo = NetflixSearch;
		};
/* End PBXContainerItemProxy section */

/* Begin PBXFileReference section */
		2467F15943BAB38AE4963779 /* Pods_NetflixSearch.framework */ = {isa = PBXFileReference; explicitFileType = wrapper.framework; includeInIndex = 0; path = Pods_NetflixSearch.framework; sourceTree = BUILT_PRODUCTS_DIR; };
		29C8DC521F0D6079001F40DA /* NetflixSearch.app */ = {isa = PBXFileReference; explicitFileType = wrapper.application; includeInIndex = 0; path = NetflixSearch.app; sourceTree = BUILT_PRODUCTS_DIR; };
		29C8DC551F0D6079001F40DA /* AppDelegate.swift */ = {isa = PBXFileReference; lastKnownFileType = sourcecode.swift; path = AppDelegate.swift; sourceTree = "<group>"; };
		29C8DC571F0D6079001F40DA /* ViewController.swift */ = {isa = PBXFileReference; lastKnownFileType = sourcecode.swift; path = ViewController.swift; sourceTree = "<group>"; };
		29C8DC5A1F0D6079001F40DA /* Base */ = {isa = PBXFileReference; lastKnownFileType = file.storyboard; name = Base; path = Base.lproj/Main.storyboard; sourceTree = "<group>"; };
		29C8DC5C1F0D6079001F40DA /* Assets.xcassets */ = {isa = PBXFileReference; lastKnownFileType = folder.assetcatalog; path = Assets.xcassets; sourceTree = "<group>"; };
		29C8DC5F1F0D6079001F40DA /* Base */ = {isa = PBXFileReference; lastKnownFileType = file.storyboard; name = Base; path = Base.lproj/LaunchScreen.storyboard; sourceTree = "<group>"; };
		29C8DC611F0D6079001F40DA /* Info.plist */ = {isa = PBXFileReference; lastKnownFileType = text.plist.xml; path = Info.plist; sourceTree = "<group>"; };
		29C8DC661F0D607A001F40DA /* NetflixSearchTests.xctest */ = {isa = PBXFileReference; explicitFileType = wrapper.cfbundle; includeInIndex = 0; path = NetflixSearchTests.xctest; sourceTree = BUILT_PRODUCTS_DIR; };
		29C8DC6A1F0D607A001F40DA /* NetflixSearchTests.swift */ = {isa = PBXFileReference; lastKnownFileType = sourcecode.swift; path = NetflixSearchTests.swift; sourceTree = "<group>"; };
		29C8DC6C1F0D607A001F40DA /* Info.plist */ = {isa = PBXFileReference; lastKnownFileType = text.plist.xml; path = Info.plist; sourceTree = "<group>"; };
		29C8DC711F0D607A001F40DA /* NetflixSearchUITests.xctest */ = {isa = PBXFileReference; explicitFileType = wrapper.cfbundle; includeInIndex = 0; path = NetflixSearchUITests.xctest; sourceTree = BUILT_PRODUCTS_DIR; };
		29C8DC751F0D607A001F40DA /* NetflixSearchUITests.swift */ = {isa = PBXFileReference; lastKnownFileType = sourcecode.swift; path = NetflixSearchUITests.swift; sourceTree = "<group>"; };
		29C8DC771F0D607A001F40DA /* Info.plist */ = {isa = PBXFileReference; lastKnownFileType = text.plist.xml; path = Info.plist; sourceTree = "<group>"; };
		3E2068A73187C07129342C42 /* Pods-NetflixSearchTests.debug.xcconfig */ = {isa = PBXFileReference; includeInIndex = 1; lastKnownFileType = text.xcconfig; name = "Pods-NetflixSearchTests.debug.xcconfig"; path = "Pods/Target Support Files/Pods-NetflixSearchTests/Pods-NetflixSearchTests.debug.xcconfig"; sourceTree = "<group>"; };
		77BB93067086F955A6366BFA /* Pods-NetflixSearchTests.release.xcconfig */ = {isa = PBXFileReference; includeInIndex = 1; lastKnownFileType = text.xcconfig; name = "Pods-NetflixSearchTests.release.xcconfig"; path = "Pods/Target Support Files/Pods-NetflixSearchTests/Pods-NetflixSearchTests.release.xcconfig"; sourceTree = "<group>"; };
		7BA4C5FCDAFC99B47A1FBE78 /* Pods-NetflixSearch.release.xcconfig */ = {isa = PBXFileReference; includeInIndex = 1; lastKnownFileType = text.xcconfig; name = "Pods-NetflixSearch.release.xcconfig"; path = "Pods/Target Support Files/Pods-NetflixSearch/Pods-NetflixSearch.release.xcconfig"; sourceTree = "<group>"; };
		8036037F9E9F88B8407508A0 /* Pods_NetflixSearchTests.framework */ = {isa = PBXFileReference; explicitFileType = wrapper.framework; includeInIndex = 0; path = Pods_NetflixSearchTests.framework; sourceTree = BUILT_PRODUCTS_DIR; };
		84857EA43E6C00F43E5364E3 /* Pods-NetflixSearchUITests.debug.xcconfig */ = {isa = PBXFileReference; includeInIndex = 1; lastKnownFileType = text.xcconfig; name = "Pods-NetflixSearchUITests.debug.xcconfig"; path = "Pods/Target Support Files/Pods-NetflixSearchUITests/Pods-NetflixSearchUITests.debug.xcconfig"; sourceTree = "<group>"; };
		D7A06854A21FD522C96A512F /* Pods-NetflixSearchUITests.release.xcconfig */ = {isa = PBXFileReference; includeInIndex = 1; lastKnownFileType = text.xcconfig; name = "Pods-NetflixSearchUITests.release.xcconfig"; path = "Pods/Target Support Files/Pods-NetflixSearchUITests/Pods-NetflixSearchUITests.release.xcconfig"; sourceTree = "<group>"; };
		E2FCED1E1290A14913B4FD8C /* Pods-NetflixSearch.debug.xcconfig */ = {isa = PBXFileReference; includeInIndex = 1; lastKnownFileType = text.xcconfig; name = "Pods-NetflixSearch.debug.xcconfig"; path = "Pods/Target Support Files/Pods-NetflixSearch/Pods-NetflixSearch.debug.xcconfig"; sourceTree = "<group>"; };
		EB7471743A40366B5A83E7B5 /* Pods_NetflixSearchUITests.framework */ = {isa = PBXFileReference; explicitFileType = wrapper.framework; includeInIndex = 0; path = Pods_NetflixSearchUITests.framework; sourceTree = BUILT_PRODUCTS_DIR; };
/* End PBXFileReference section */

/* Begin PBXFrameworksBuildPhase section */
		29C8DC4F1F0D6079001F40DA /* Frameworks */ = {
			isa = PBXFrameworksBuildPhase;
			buildActionMask = 2147483647;
			files = (
				232BD04C8E85DF37C082D47A /* Pods_NetflixSearch.framework in Frameworks */,
			);
			runOnlyForDeploymentPostprocessing = 0;
		};
		29C8DC631F0D607A001F40DA /* Frameworks */ = {
			isa = PBXFrameworksBuildPhase;
			buildActionMask = 2147483647;
			files = (
				DA7B2070E87BF951A491C4E5 /* Pods_NetflixSearchTests.framework in Frameworks */,
			);
			runOnlyForDeploymentPostprocessing = 0;
		};
		29C8DC6E1F0D607A001F40DA /* Frameworks */ = {
			isa = PBXFrameworksBuildPhase;
			buildActionMask = 2147483647;
			files = (
				ABC3165BEA116D5D4C6D535F /* Pods_NetflixSearchUITests.framework in Frameworks */,
			);
			runOnlyForDeploymentPostprocessing = 0;
		};
/* End PBXFrameworksBuildPhase section */

/* Begin PBXGroup section */
		29C8DC491F0D6079001F40DA = {
			isa = PBXGroup;
			children = (
				29C8DC541F0D6079001F40DA /* NetflixSearch */,
				29C8DC691F0D607A001F40DA /* NetflixSearchTests */,
				29C8DC741F0D607A001F40DA /* NetflixSearchUITests */,
				29C8DC531F0D6079001F40DA /* Products */,
				97FDDB5469A08829275AE8BD /* Pods */,
				E103A53B853FE300747E6FCF /* Frameworks */,
			);
			sourceTree = "<group>";
		};
		29C8DC531F0D6079001F40DA /* Products */ = {
			isa = PBXGroup;
			children = (
				29C8DC521F0D6079001F40DA /* NetflixSearch.app */,
				29C8DC661F0D607A001F40DA /* NetflixSearchTests.xctest */,
				29C8DC711F0D607A001F40DA /* NetflixSearchUITests.xctest */,
			);
			name = Products;
			sourceTree = "<group>";
		};
		29C8DC541F0D6079001F40DA /* NetflixSearch */ = {
			isa = PBXGroup;
			children = (
				29C8DC551F0D6079001F40DA /* AppDelegate.swift */,
				29C8DC571F0D6079001F40DA /* ViewController.swift */,
				29C8DC591F0D6079001F40DA /* Main.storyboard */,
				29C8DC5C1F0D6079001F40DA /* Assets.xcassets */,
				29C8DC5E1F0D6079001F40DA /* LaunchScreen.storyboard */,
				29C8DC611F0D6079001F40DA /* Info.plist */,
			);
			path = NetflixSearch;
			sourceTree = "<group>";
		};
		29C8DC691F0D607A001F40DA /* NetflixSearchTests */ = {
			isa = PBXGroup;
			children = (
				29C8DC6A1F0D607A001F40DA /* NetflixSearchTests.swift */,
				29C8DC6C1F0D607A001F40DA /* Info.plist */,
			);
			path = NetflixSearchTests;
			sourceTree = "<group>";
		};
		29C8DC741F0D607A001F40DA /* NetflixSearchUITests */ = {
			isa = PBXGroup;
			children = (
				29C8DC751F0D607A001F40DA /* NetflixSearchUITests.swift */,
				29C8DC771F0D607A001F40DA /* Info.plist */,
			);
			path = NetflixSearchUITests;
			sourceTree = "<group>";
		};
		97FDDB5469A08829275AE8BD /* Pods */ = {
			isa = PBXGroup;
			children = (
				E2FCED1E1290A14913B4FD8C /* Pods-NetflixSearch.debug.xcconfig */,
				7BA4C5FCDAFC99B47A1FBE78 /* Pods-NetflixSearch.release.xcconfig */,
				3E2068A73187C07129342C42 /* Pods-NetflixSearchTests.debug.xcconfig */,
				77BB93067086F955A6366BFA /* Pods-NetflixSearchTests.release.xcconfig */,
				84857EA43E6C00F43E5364E3 /* Pods-NetflixSearchUITests.debug.xcconfig */,
				D7A06854A21FD522C96A512F /* Pods-NetflixSearchUITests.release.xcconfig */,
			);
			name = Pods;
			sourceTree = "<group>";
		};
		E103A53B853FE300747E6FCF /* Frameworks */ = {
			isa = PBXGroup;
			children = (
				2467F15943BAB38AE4963779 /* Pods_NetflixSearch.framework */,
				8036037F9E9F88B8407508A0 /* Pods_NetflixSearchTests.framework */,
				EB7471743A40366B5A83E7B5 /* Pods_NetflixSearchUITests.framework */,
			);
			name = Frameworks;
			sourceTree = "<group>";
		};
/* End PBXGroup section */

/* Begin PBXNativeTarget section */
		29C8DC511F0D6079001F40DA /* NetflixSearch */ = {
			isa = PBXNativeTarget;
			buildConfigurationList = 29C8DC7A1F0D607A001F40DA /* Build configuration list for PBXNativeTarget "NetflixSearch" */;
			buildPhases = (
				3B14D73FC93423D270A95F73 /* [CP] Check Pods Manifest.lock */,
				29C8DC4E1F0D6079001F40DA /* Sources */,
				29C8DC4F1F0D6079001F40DA /* Frameworks */,
				29C8DC501F0D6079001F40DA /* Resources */,
				09357A61EC7EEA6569D97154 /* [CP] Embed Pods Frameworks */,
				14777064A0E0914768F6173E /* [CP] Copy Pods Resources */,
			);
			buildRules = (
			);
			dependencies = (
			);
			name = NetflixSearch;
			productName = NetflixSearch;
			productReference = 29C8DC521F0D6079001F40DA /* NetflixSearch.app */;
			productType = "com.apple.product-type.application";
		};
		29C8DC651F0D607A001F40DA /* NetflixSearchTests */ = {
			isa = PBXNativeTarget;
			buildConfigurationList = 29C8DC7D1F0D607A001F40DA /* Build configuration list for PBXNativeTarget "NetflixSearchTests" */;
			buildPhases = (
				829DAD3121D188099133F2F2 /* [CP] Check Pods Manifest.lock */,
				29C8DC621F0D607A001F40DA /* Sources */,
				29C8DC631F0D607A001F40DA /* Frameworks */,
				29C8DC641F0D607A001F40DA /* Resources */,
				8EA03023D8F9964446FE60FE /* [CP] Embed Pods Frameworks */,
				46396FF215D8E881511F789A /* [CP] Copy Pods Resources */,
			);
			buildRules = (
			);
			dependencies = (
				29C8DC681F0D607A001F40DA /* PBXTargetDependency */,
			);
			name = NetflixSearchTests;
			productName = NetflixSearchTests;
			productReference = 29C8DC661F0D607A001F40DA /* NetflixSearchTests.xctest */;
			productType = "com.apple.product-type.bundle.unit-test";
		};
		29C8DC701F0D607A001F40DA /* NetflixSearchUITests */ = {
			isa = PBXNativeTarget;
			buildConfigurationList = 29C8DC801F0D607A001F40DA /* Build configuration list for PBXNativeTarget "NetflixSearchUITests" */;
			buildPhases = (
				F82FCAA5552256590E941322 /* [CP] Check Pods Manifest.lock */,
				29C8DC6D1F0D607A001F40DA /* Sources */,
				29C8DC6E1F0D607A001F40DA /* Frameworks */,
				29C8DC6F1F0D607A001F40DA /* Resources */,
				733F62220C3CAC769B21F019 /* [CP] Embed Pods Frameworks */,
				F69036D8E092D2C8F4A34E5E /* [CP] Copy Pods Resources */,
			);
			buildRules = (
			);
			dependencies = (
				29C8DC731F0D607A001F40DA /* PBXTargetDependency */,
			);
			name = NetflixSearchUITests;
			productName = NetflixSearchUITests;
			productReference = 29C8DC711F0D607A001F40DA /* NetflixSearchUITests.xctest */;
			productType = "com.apple.product-type.bundle.ui-testing";
		};
/* End PBXNativeTarget section */

/* Begin PBXProject section */
		29C8DC4A1F0D6079001F40DA /* Project object */ = {
			isa = PBXProject;
			attributes = {
				LastSwiftUpdateCheck = 0820;
				LastUpgradeCheck = 0820;
				ORGANIZATIONNAME = RDKhare;
				TargetAttributes = {
					29C8DC511F0D6079001F40DA = {
						CreatedOnToolsVersion = 8.2.1;
						DevelopmentTeam = 52WJU35TW3;
						ProvisioningStyle = Automatic;
					};
					29C8DC651F0D607A001F40DA = {
						CreatedOnToolsVersion = 8.2.1;
						DevelopmentTeam = YWZP6R6H47;
						ProvisioningStyle = Automatic;
						TestTargetID = 29C8DC511F0D6079001F40DA;
					};
					29C8DC701F0D607A001F40DA = {
						CreatedOnToolsVersion = 8.2.1;
						DevelopmentTeam = YWZP6R6H47;
						ProvisioningStyle = Automatic;
						TestTargetID = 29C8DC511F0D6079001F40DA;
					};
				};
			};
			buildConfigurationList = 29C8DC4D1F0D6079001F40DA /* Build configuration list for PBXProject "NetflixSearch" */;
			compatibilityVersion = "Xcode 3.2";
			developmentRegion = English;
			hasScannedForEncodings = 0;
			knownRegions = (
				en,
				Base,
			);
			mainGroup = 29C8DC491F0D6079001F40DA;
			productRefGroup = 29C8DC531F0D6079001F40DA /* Products */;
			projectDirPath = "";
			projectRoot = "";
			targets = (
				29C8DC511F0D6079001F40DA /* NetflixSearch */,
				29C8DC651F0D607A001F40DA /* NetflixSearchTests */,
				29C8DC701F0D607A001F40DA /* NetflixSearchUITests */,
			);
		};
/* End PBXProject section */

/* Begin PBXResourcesBuildPhase section */
		29C8DC501F0D6079001F40DA /* Resources */ = {
			isa = PBXResourcesBuildPhase;
			buildActionMask = 2147483647;
			files = (
				29C8DC601F0D6079001F40DA /* LaunchScreen.storyboard in Resources */,
				29C8DC5D1F0D6079001F40DA /* Assets.xcassets in Resources */,
				29C8DC5B1F0D6079001F40DA /* Main.storyboard in Resources */,
			);
			runOnlyForDeploymentPostprocessing = 0;
		};
		29C8DC641F0D607A001F40DA /* Resources */ = {
			isa = PBXResourcesBuildPhase;
			buildActionMask = 2147483647;
			files = (
			);
			runOnlyForDeploymentPostprocessing = 0;
		};
		29C8DC6F1F0D607A001F40DA /* Resources */ = {
			isa = PBXResourcesBuildPhase;
			buildActionMask = 2147483647;
			files = (
			);
			runOnlyForDeploymentPostprocessing = 0;
		};
/* End PBXResourcesBuildPhase section */

/* Begin PBXShellScriptBuildPhase section */
		09357A61EC7EEA6569D97154 /* [CP] Embed Pods Frameworks */ = {
			isa = PBXShellScriptBuildPhase;
			buildActionMask = 2147483647;
			files = (
			);
			inputPaths = (
			);
			name = "[CP] Embed Pods Frameworks";
			outputPaths = (
			);
			runOnlyForDeploymentPostprocessing = 0;
			shellPath = /bin/sh;
			shellScript = "\"${SRCROOT}/Pods/Target Support Files/Pods-NetflixSearch/Pods-NetflixSearch-frameworks.sh\"\n";
			showEnvVarsInLog = 0;
		};
		14777064A0E0914768F6173E /* [CP] Copy Pods Resources */ = {
			isa = PBXShellScriptBuildPhase;
			buildActionMask = 2147483647;
			files = (
			);
			inputPaths = (
			);
			name = "[CP] Copy Pods Resources";
			outputPaths = (
			);
			runOnlyForDeploymentPostprocessing = 0;
			shellPath = /bin/sh;
			shellScript = "\"${SRCROOT}/Pods/Target Support Files/Pods-NetflixSearch/Pods-NetflixSearch-resources.sh\"\n";
			showEnvVarsInLog = 0;
		};
		3B14D73FC93423D270A95F73 /* [CP] Check Pods Manifest.lock */ = {
			isa = PBXShellScriptBuildPhase;
			buildActionMask = 2147483647;
			files = (
			);
			inputPaths = (
			);
			name = "[CP] Check Pods Manifest.lock";
			outputPaths = (
			);
			runOnlyForDeploymentPostprocessing = 0;
			shellPath = /bin/sh;
			shellScript = "diff \"${PODS_ROOT}/../Podfile.lock\" \"${PODS_ROOT}/Manifest.lock\" > /dev/null\nif [ $? != 0 ] ; then\n    # print error to STDERR\n    echo \"error: The sandbox is not in sync with the Podfile.lock. Run 'pod install' or update your CocoaPods installation.\" >&2\n    exit 1\nfi\n";
			showEnvVarsInLog = 0;
		};
		46396FF215D8E881511F789A /* [CP] Copy Pods Resources */ = {
			isa = PBXShellScriptBuildPhase;
			buildActionMask = 2147483647;
			files = (
			);
			inputPaths = (
			);
			name = "[CP] Copy Pods Resources";
			outputPaths = (
			);
			runOnlyForDeploymentPostprocessing = 0;
			shellPath = /bin/sh;
			shellScript = "\"${SRCROOT}/Pods/Target Support Files/Pods-NetflixSearchTests/Pods-NetflixSearchTests-resources.sh\"\n";
			showEnvVarsInLog = 0;
		};
		733F62220C3CAC769B21F019 /* [CP] Embed Pods Frameworks */ = {
			isa = PBXShellScriptBuildPhase;
			buildActionMask = 2147483647;
			files = (
			);
			inputPaths = (
			);
			name = "[CP] Embed Pods Frameworks";
			outputPaths = (
			);
			runOnlyForDeploymentPostprocessing = 0;
			shellPath = /bin/sh;
			shellScript = "\"${SRCROOT}/Pods/Target Support Files/Pods-NetflixSearchUITests/Pods-NetflixSearchUITests-frameworks.sh\"\n";
			showEnvVarsInLog = 0;
		};
		829DAD3121D188099133F2F2 /* [CP] Check Pods Manifest.lock */ = {
			isa = PBXShellScriptBuildPhase;
			buildActionMask = 2147483647;
			files = (
			);
			inputPaths = (
			);
			name = "[CP] Check Pods Manifest.lock";
			outputPaths = (
			);
			runOnlyForDeploymentPostprocessing = 0;
			shellPath = /bin/sh;
			shellScript = "diff \"${PODS_ROOT}/../Podfile.lock\" \"${PODS_ROOT}/Manifest.lock\" > /dev/null\nif [ $? != 0 ] ; then\n    # print error to STDERR\n    echo \"error: The sandbox is not in sync with the Podfile.lock. Run 'pod install' or update your CocoaPods installation.\" >&2\n    exit 1\nfi\n";
			showEnvVarsInLog = 0;
		};
		8EA03023D8F9964446FE60FE /* [CP] Embed Pods Frameworks */ = {
			isa = PBXShellScriptBuildPhase;
			buildActionMask = 2147483647;
			files = (
			);
			inputPaths = (
			);
			name = "[CP] Embed Pods Frameworks";
			outputPaths = (
			);
			runOnlyForDeploymentPostprocessing = 0;
			shellPath = /bin/sh;
			shellScript = "\"${SRCROOT}/Pods/Target Support Files/Pods-NetflixSearchTests/Pods-NetflixSearchTests-frameworks.sh\"\n";
			showEnvVarsInLog = 0;
		};
		F69036D8E092D2C8F4A34E5E /* [CP] Copy Pods Resources */ = {
			isa = PBXShellScriptBuildPhase;
			buildActionMask = 2147483647;
			files = (
			);
			inputPaths = (
			);
			name = "[CP] Copy Pods Resources";
			outputPaths = (
			);
			runOnlyForDeploymentPostprocessing = 0;
			shellPath = /bin/sh;
			shellScript = "\"${SRCROOT}/Pods/Target Support Files/Pods-NetflixSearchUITests/Pods-NetflixSearchUITests-resources.sh\"\n";
			showEnvVarsInLog = 0;
		};
		F82FCAA5552256590E941322 /* [CP] Check Pods Manifest.lock */ = {
			isa = PBXShellScriptBuildPhase;
			buildActionMask = 2147483647;
			files = (
			);
			inputPaths = (
			);
			name = "[CP] Check Pods Manifest.lock";
			outputPaths = (
			);
			runOnlyForDeploymentPostprocessing = 0;
			shellPath = /bin/sh;
			shellScript = "diff \"${PODS_ROOT}/../Podfile.lock\" \"${PODS_ROOT}/Manifest.lock\" > /dev/null\nif [ $? != 0 ] ; then\n    # print error to STDERR\n    echo \"error: The sandbox is not in sync with the Podfile.lock. Run 'pod install' or update your CocoaPods installation.\" >&2\n    exit 1\nfi\n";
			showEnvVarsInLog = 0;
		};
/* End PBXShellScriptBuildPhase section */

/* Begin PBXSourcesBuildPhase section */
		29C8DC4E1F0D6079001F40DA /* Sources */ = {
			isa = PBXSourcesBuildPhase;
			buildActionMask = 2147483647;
			files = (
				29C8DC581F0D6079001F40DA /* ViewController.swift in Sources */,
				29C8DC561F0D6079001F40DA /* AppDelegate.swift in Sources */,
			);
			runOnlyForDeploymentPostprocessing = 0;
		};
		29C8DC621F0D607A001F40DA /* Sources */ = {
			isa = PBXSourcesBuildPhase;
			buildActionMask = 2147483647;
			files = (
				29C8DC6B1F0D607A001F40DA /* NetflixSearchTests.swift in Sources */,
			);
			runOnlyForDeploymentPostprocessing = 0;
		};
		29C8DC6D1F0D607A001F40DA /* Sources */ = {
			isa = PBXSourcesBuildPhase;
			buildActionMask = 2147483647;
			files = (
				29C8DC761F0D607A001F40DA /* NetflixSearchUITests.swift in Sources */,
			);
			runOnlyForDeploymentPostprocessing = 0;
		};
/* End PBXSourcesBuildPhase section */

/* Begin PBXTargetDependency section */
		29C8DC681F0D607A001F40DA /* PBXTargetDependency */ = {
			isa = PBXTargetDependency;
			target = 29C8DC511F0D6079001F40DA /* NetflixSearch */;
			targetProxy = 29C8DC671F0D607A001F40DA /* PBXContainerItemProxy */;
		};
		29C8DC731F0D607A001F40DA /* PBXTargetDependency */ = {
			isa = PBXTargetDependency;
			target = 29C8DC511F0D6079001F40DA /* NetflixSearch */;
			targetProxy = 29C8DC721F0D607A001F40DA /* PBXContainerItemProxy */;
		};
/* End PBXTargetDependency section */

/* Begin PBXVariantGroup section */
		29C8DC591F0D6079001F40DA /* Main.storyboard */ = {
			isa = PBXVariantGroup;
			children = (
				29C8DC5A1F0D6079001F40DA /* Base */,
			);
			name = Main.storyboard;
			sourceTree = "<group>";
		};
		29C8DC5E1F0D6079001F40DA /* LaunchScreen.storyboard */ = {
			isa = PBXVariantGroup;
			children = (
				29C8DC5F1F0D6079001F40DA /* Base */,
			);
			name = LaunchScreen.storyboard;
			sourceTree = "<group>";
		};
/* End PBXVariantGroup section */

/* Begin XCBuildConfiguration section */
		29C8DC781F0D607A001F40DA /* Debug */ = {
			isa = XCBuildConfiguration;
			buildSettings = {
				ALWAYS_SEARCH_USER_PATHS = NO;
				CLANG_ANALYZER_NONNULL = YES;
				CLANG_CXX_LANGUAGE_STANDARD = "gnu++0x";
				CLANG_CXX_LIBRARY = "libc++";
				CLANG_ENABLE_MODULES = YES;
				CLANG_ENABLE_OBJC_ARC = YES;
				CLANG_WARN_BOOL_CONVERSION = YES;
				CLANG_WARN_CONSTANT_CONVERSION = YES;
				CLANG_WARN_DIRECT_OBJC_ISA_USAGE = YES_ERROR;
				CLANG_WARN_DOCUMENTATION_COMMENTS = YES;
				CLANG_WARN_EMPTY_BODY = YES;
				CLANG_WARN_ENUM_CONVERSION = YES;
				CLANG_WARN_INFINITE_RECURSION = YES;
				CLANG_WARN_INT_CONVERSION = YES;
				CLANG_WARN_OBJC_ROOT_CLASS = YES_ERROR;
				CLANG_WARN_SUSPICIOUS_MOVE = YES;
				CLANG_WARN_UNREACHABLE_CODE = YES;
				CLANG_WARN__DUPLICATE_METHOD_MATCH = YES;
				"CODE_SIGN_IDENTITY[sdk=iphoneos*]" = "iPhone Developer";
				COPY_PHASE_STRIP = NO;
				DEBUG_INFORMATION_FORMAT = dwarf;
				ENABLE_STRICT_OBJC_MSGSEND = YES;
				ENABLE_TESTABILITY = YES;
				GCC_C_LANGUAGE_STANDARD = gnu99;
				GCC_DYNAMIC_NO_PIC = NO;
				GCC_NO_COMMON_BLOCKS = YES;
				GCC_OPTIMIZATION_LEVEL = 0;
				GCC_PREPROCESSOR_DEFINITIONS = (
					"DEBUG=1",
					"$(inherited)",
				);
				GCC_WARN_64_TO_32_BIT_CONVERSION = YES;
				GCC_WARN_ABOUT_RETURN_TYPE = YES_ERROR;
				GCC_WARN_UNDECLARED_SELECTOR = YES;
				GCC_WARN_UNINITIALIZED_AUTOS = YES_AGGRESSIVE;
				GCC_WARN_UNUSED_FUNCTION = YES;
				GCC_WARN_UNUSED_VARIABLE = YES;
				IPHONEOS_DEPLOYMENT_TARGET = 10.2;
				MTL_ENABLE_DEBUG_INFO = YES;
				ONLY_ACTIVE_ARCH = YES;
				SDKROOT = iphoneos;
				SWIFT_ACTIVE_COMPILATION_CONDITIONS = DEBUG;
				SWIFT_OPTIMIZATION_LEVEL = "-Onone";
			};
			name = Debug;
		};
		29C8DC791F0D607A001F40DA /* Release */ = {
			isa = XCBuildConfiguration;
			buildSettings = {
				ALWAYS_SEARCH_USER_PATHS = NO;
				CLANG_ANALYZER_NONNULL = YES;
				CLANG_CXX_LANGUAGE_STANDARD = "gnu++0x";
				CLANG_CXX_LIBRARY = "libc++";
				CLANG_ENABLE_MODULES = YES;
				CLANG_ENABLE_OBJC_ARC = YES;
				CLANG_WARN_BOOL_CONVERSION = YES;
				CLANG_WARN_CONSTANT_CONVERSION = YES;
				CLANG_WARN_DIRECT_OBJC_ISA_USAGE = YES_ERROR;
				CLANG_WARN_DOCUMENTATION_COMMENTS = YES;
				CLANG_WARN_EMPTY_BODY = YES;
				CLANG_WARN_ENUM_CONVERSION = YES;
				CLANG_WARN_INFINITE_RECURSION = YES;
				CLANG_WARN_INT_CONVERSION = YES;
				CLANG_WARN_OBJC_ROOT_CLASS = YES_ERROR;
				CLANG_WARN_SUSPICIOUS_MOVE = YES;
				CLANG_WARN_UNREACHABLE_CODE = YES;
				CLANG_WARN__DUPLICATE_METHOD_MATCH = YES;
				"CODE_SIGN_IDENTITY[sdk=iphoneos*]" = "iPhone Developer";
				COPY_PHASE_STRIP = NO;
				DEBUG_INFORMATION_FORMAT = "dwarf-with-dsym";
				ENABLE_NS_ASSERTIONS = NO;
				ENABLE_STRICT_OBJC_MSGSEND = YES;
				GCC_C_LANGUAGE_STANDARD = gnu99;
				GCC_NO_COMMON_BLOCKS = YES;
				GCC_WARN_64_TO_32_BIT_CONVERSION = YES;
				GCC_WARN_ABOUT_RETURN_TYPE = YES_ERROR;
				GCC_WARN_UNDECLARED_SELECTOR = YES;
				GCC_WARN_UNINITIALIZED_AUTOS = YES_AGGRESSIVE;
				GCC_WARN_UNUSED_FUNCTION = YES;
				GCC_WARN_UNUSED_VARIABLE = YES;
				IPHONEOS_DEPLOYMENT_TARGET = 10.2;
				MTL_ENABLE_DEBUG_INFO = NO;
				SDKROOT = iphoneos;
				SWIFT_OPTIMIZATION_LEVEL = "-Owholemodule";
				VALIDATE_PRODUCT = YES;
			};
			name = Release;
		};
		29C8DC7B1F0D607A001F40DA /* Debug */ = {
			isa = XCBuildConfiguration;
			baseConfigurationReference = E2FCED1E1290A14913B4FD8C /* Pods-NetflixSearch.debug.xcconfig */;
			buildSettings = {
				ASSETCATALOG_COMPILER_APPICON_NAME = AppIcon;
				DEVELOPMENT_TEAM = 52WJU35TW3;
				INFOPLIST_FILE = NetflixSearch/Info.plist;
				LD_RUNPATH_SEARCH_PATHS = "$(inherited) @executable_path/Frameworks";
				PRODUCT_BUNDLE_IDENTIFIER = com.Willie.NetflixSearch;
				PRODUCT_NAME = "$(TARGET_NAME)";
				SWIFT_VERSION = 3.0;
			};
			name = Debug;
		};
		29C8DC7C1F0D607A001F40DA /* Release */ = {
			isa = XCBuildConfiguration;
			baseConfigurationReference = 7BA4C5FCDAFC99B47A1FBE78 /* Pods-NetflixSearch.release.xcconfig */;
			buildSettings = {
				ASSETCATALOG_COMPILER_APPICON_NAME = AppIcon;
				DEVELOPMENT_TEAM = 52WJU35TW3;
				INFOPLIST_FILE = NetflixSearch/Info.plist;
				LD_RUNPATH_SEARCH_PATHS = "$(inherited) @executable_path/Frameworks";
				PRODUCT_BUNDLE_IDENTIFIER = com.Willie.NetflixSearch;
				PRODUCT_NAME = "$(TARGET_NAME)";
				SWIFT_VERSION = 3.0;
			};
			name = Release;
		};
		29C8DC7E1F0D607A001F40DA /* Debug */ = {
			isa = XCBuildConfiguration;
			baseConfigurationReference = 3E2068A73187C07129342C42 /* Pods-NetflixSearchTests.debug.xcconfig */;
			buildSettings = {
				ALWAYS_EMBED_SWIFT_STANDARD_LIBRARIES = YES;
				BUNDLE_LOADER = "$(TEST_HOST)";
				DEVELOPMENT_TEAM = YWZP6R6H47;
				INFOPLIST_FILE = NetflixSearchTests/Info.plist;
				LD_RUNPATH_SEARCH_PATHS = "$(inherited) @executable_path/Frameworks @loader_path/Frameworks";
				PRODUCT_BUNDLE_IDENTIFIER = com.rdkhare.NetflixSearchTests;
				PRODUCT_NAME = "$(TARGET_NAME)";
				SWIFT_VERSION = 3.0;
				TEST_HOST = "$(BUILT_PRODUCTS_DIR)/NetflixSearch.app/NetflixSearch";
			};
			name = Debug;
		};
		29C8DC7F1F0D607A001F40DA /* Release */ = {
			isa = XCBuildConfiguration;
			baseConfigurationReference = 77BB93067086F955A6366BFA /* Pods-NetflixSearchTests.release.xcconfig */;
			buildSettings = {
				ALWAYS_EMBED_SWIFT_STANDARD_LIBRARIES = YES;
				BUNDLE_LOADER = "$(TEST_HOST)";
				DEVELOPMENT_TEAM = YWZP6R6H47;
				INFOPLIST_FILE = NetflixSearchTests/Info.plist;
				LD_RUNPATH_SEARCH_PATHS = "$(inherited) @executable_path/Frameworks @loader_path/Frameworks";
				PRODUCT_BUNDLE_IDENTIFIER = com.rdkhare.NetflixSearchTests;
				PRODUCT_NAME = "$(TARGET_NAME)";
				SWIFT_VERSION = 3.0;
				TEST_HOST = "$(BUILT_PRODUCTS_DIR)/NetflixSearch.app/NetflixSearch";
			};
			name = Release;
		};
		29C8DC811F0D607A001F40DA /* Debug */ = {
			isa = XCBuildConfiguration;
			baseConfigurationReference = 84857EA43E6C00F43E5364E3 /* Pods-NetflixSearchUITests.debug.xcconfig */;
			buildSettings = {
				ALWAYS_EMBED_SWIFT_STANDARD_LIBRARIES = YES;
				DEVELOPMENT_TEAM = YWZP6R6H47;
				INFOPLIST_FILE = NetflixSearchUITests/Info.plist;
				LD_RUNPATH_SEARCH_PATHS = "$(inherited) @executable_path/Frameworks @loader_path/Frameworks";
				PRODUCT_BUNDLE_IDENTIFIER = com.rdkhare.NetflixSearchUITests;
				PRODUCT_NAME = "$(TARGET_NAME)";
				SWIFT_VERSION = 3.0;
				TEST_TARGET_NAME = NetflixSearch;
			};
			name = Debug;
		};
		29C8DC821F0D607A001F40DA /* Release */ = {
			isa = XCBuildConfiguration;
			baseConfigurationReference = D7A06854A21FD522C96A512F /* Pods-NetflixSearchUITests.release.xcconfig */;
			buildSettings = {
				ALWAYS_EMBED_SWIFT_STANDARD_LIBRARIES = YES;
				DEVELOPMENT_TEAM = YWZP6R6H47;
				INFOPLIST_FILE = NetflixSearchUITests/Info.plist;
				LD_RUNPATH_SEARCH_PATHS = "$(inherited) @executable_path/Frameworks @loader_path/Frameworks";
				PRODUCT_BUNDLE_IDENTIFIER = com.rdkhare.NetflixSearchUITests;
				PRODUCT_NAME = "$(TARGET_NAME)";
				SWIFT_VERSION = 3.0;
				TEST_TARGET_NAME = NetflixSearch;
			};
			name = Release;
		};
/* End XCBuildConfiguration section */

/* Begin XCConfigurationList section */
		29C8DC4D1F0D6079001F40DA /* Build configuration list for PBXProject "NetflixSearch" */ = {
			isa = XCConfigurationList;
			buildConfigurations = (
				29C8DC781F0D607A001F40DA /* Debug */,
				29C8DC791F0D607A001F40DA /* Release */,
			);
			defaultConfigurationIsVisible = 0;
			defaultConfigurationName = Release;
		};
		29C8DC7A1F0D607A001F40DA /* Build configuration list for PBXNativeTarget "NetflixSearch" */ = {
			isa = XCConfigurationList;
			buildConfigurations = (
				29C8DC7B1F0D607A001F40DA /* Debug */,
				29C8DC7C1F0D607A001F40DA /* Release */,
			);
			defaultConfigurationIsVisible = 0;
			defaultConfigurationName = Release;
		};
		29C8DC7D1F0D607A001F40DA /* Build configuration list for PBXNativeTarget "NetflixSearchTests" */ = {
			isa = XCConfigurationList;
			buildConfigurations = (
				29C8DC7E1F0D607A001F40DA /* Debug */,
				29C8DC7F1F0D607A001F40DA /* Release */,
			);
			defaultConfigurationIsVisible = 0;
			defaultConfigurationName = Release;
		};
		29C8DC801F0D607A001F40DA /* Build configuration list for PBXNativeTarget "NetflixSearchUITests" */ = {
			isa = XCConfigurationList;
			buildConfigurations = (
				29C8DC811F0D607A001F40DA /* Debug */,
				29C8DC821F0D607A001F40DA /* Release */,
			);
			defaultConfigurationIsVisible = 0;
			defaultConfigurationName = Release;
		};
/* End XCConfigurationList section */
	};
	rootObject = 29C8DC4A1F0D6079001F40DA /* Project object */;
}
